
Microsoft Visual Studio Solution File, Format Version 12.00
# Visual Studio 2015
Project("{FAE04EC0-301F-11D3-BF4B-00C04F79EFBC}") = "Umbrella_MainProject", "Umbrella_MainProject.csproj", "{BAF16F5F-9496-69C6-FE77-2CA47EEC51CA}"
EndProject
Global
	GlobalSection(SolutionConfigurationPlatforms) = preSolution
		Debug|Any CPU = Debug|Any CPU
		Release|Any CPU = Release|Any CPU
	EndGlobalSection
	GlobalSection(ProjectConfigurationPlatforms) = postSolution
		{BAF16F5F-9496-69C6-FE77-2CA47EEC51CA}.Debug|Any CPU.ActiveCfg = Debug|Any CPU
		{BAF16F5F-9496-69C6-FE77-2CA47EEC51CA}.Debug|Any CPU.Build.0 = Debug|Any CPU
		{BAF16F5F-9496-69C6-FE77-2CA47EEC51CA}.Release|Any CPU.ActiveCfg = Release|Any CPU
		{BAF16F5F-9496-69C6-FE77-2CA47EEC51CA}.Release|Any CPU.Build.0 = Release|Any CPU
	EndGlobalSection
	GlobalSection(SolutionProperties) = preSolution
		HideSolutionNode = FALSE
	EndGlobalSection
EndGlobal
